
Microsoft Visual Studio Solution File, Format Version 12.00
# Visual Studio Version 16
VisualStudioVersion = 16.0.31112.23
MinimumVisualStudioVersion = 10.0.40219.1
Project("{FAE04EC0-301F-11D3-BF4B-00C04F79EFBC}") = "wireframe", "wireframe\wireframe.csproj", "{D367A127-829D-466F-8A50-8F9C86918069}"
EndProject
Global
	GlobalSection(SolutionConfigurationPlatforms) = preSolution
		Debug|Any CPU = Debug|Any CPU
		Release|Any CPU = Release|Any CPU
	EndGlobalSection
	GlobalSection(ProjectConfigurationPlatforms) = postSolution
		{D367A127-829D-466F-8A50-8F9C86918069}.Debug|Any CPU.ActiveCfg = Debug|Any CPU
		{D367A127-829D-466F-8A50-8F9C86918069}.Debug|Any CPU.Build.0 = Debug|Any CPU
		{D367A127-829D-466F-8A50-8F9C86918069}.Release|Any CPU.ActiveCfg = Release|Any CPU
		{D367A127-829D-466F-8A50-8F9C86918069}.Release|Any CPU.Build.0 = Release|Any CPU
	EndGlobalSection
	GlobalSection(SolutionProperties) = preSolution
		HideSolutionNode = FALSE
	EndGlobalSection
	GlobalSection(ExtensibilityGlobals) = postSolution
		SolutionGuid = {330A551B-C8EF-4758-BD73-025354FF5F10}
	EndGlobalSection
EndGlobal
